// !$*UTF8*$!
{
	archiveVersion = 1;
	classes = {
	};
	objectVersion = 55;
	objects = {

/* Begin PBXBuildFile section */
		30A2BB61288A982100720BD3 /* MusicAssetListFeature.swift in Sources */ = {isa = PBXBuildFile; fileRef = 30A2BB60288A982100720BD3 /* MusicAssetListFeature.swift */; };
		30A2BB63288A983900720BD3 /* MusicAssetListView.swift in Sources */ = {isa = PBXBuildFile; fileRef = 30A2BB62288A983800720BD3 /* MusicAssetListView.swift */; };
		30A2BB65288ADDF700720BD3 /* MusicAssetModel.swift in Sources */ = {isa = PBXBuildFile; fileRef = 30A2BB64288ADDF700720BD3 /* MusicAssetModel.swift */; };
		30B848302874367B0073D693 /* ScrubbingPlayerCalculation.swift in Sources */ = {isa = PBXBuildFile; fileRef = 30B8482F2874367B0073D693 /* ScrubbingPlayerCalculation.swift */; };
		30B848322875843E0073D693 /* roses.mp3 in Resources */ = {isa = PBXBuildFile; fileRef = 30B848312875843E0073D693 /* roses.mp3 */; };
		30C43ACE2866A4EC00F1E88B /* ScrollableView.swift in Sources */ = {isa = PBXBuildFile; fileRef = 30C43ACD2866A4EC00F1E88B /* ScrollableView.swift */; };
		30C43AD02866A55600F1E88B /* View+Extension.swift in Sources */ = {isa = PBXBuildFile; fileRef = 30C43ACF2866A55600F1E88B /* View+Extension.swift */; };
		30C43AD32866CAD500F1E88B /* AudioEngineClient.swift in Sources */ = {isa = PBXBuildFile; fileRef = 30C43AD22866CAD500F1E88B /* AudioEngineClient.swift */; };
		30C43AD52866CB0300F1E88B /* AudioEngineClient+Live.swift in Sources */ = {isa = PBXBuildFile; fileRef = 30C43AD42866CB0300F1E88B /* AudioEngineClient+Live.swift */; };
		30C43AD72866CF4800F1E88B /* GenScrubbingSourceNode.swift in Sources */ = {isa = PBXBuildFile; fileRef = 30C43AD62866CF4800F1E88B /* GenScrubbingSourceNode.swift */; };
		30C43AD92869ADDC00F1E88B /* AudioInfo.swift in Sources */ = {isa = PBXBuildFile; fileRef = 30C43AD82869ADDC00F1E88B /* AudioInfo.swift */; };
		30F6B446284AF1DE007C3440 /* AVExperimentsApp.swift in Sources */ = {isa = PBXBuildFile; fileRef = 30F6B445284AF1DE007C3440 /* AVExperimentsApp.swift */; };
		30F6B44A284AF1E0007C3440 /* Assets.xcassets in Resources */ = {isa = PBXBuildFile; fileRef = 30F6B449284AF1E0007C3440 /* Assets.xcassets */; };
		30F6B44D284AF1E0007C3440 /* Preview Assets.xcassets in Resources */ = {isa = PBXBuildFile; fileRef = 30F6B44C284AF1E0007C3440 /* Preview Assets.xcassets */; };
		30F6B457284AF1E0007C3440 /* AVExperimentsTests.swift in Sources */ = {isa = PBXBuildFile; fileRef = 30F6B456284AF1E0007C3440 /* AVExperimentsTests.swift */; };
		30F6B461284AF1E0007C3440 /* AVExperimentsUITests.swift in Sources */ = {isa = PBXBuildFile; fileRef = 30F6B460284AF1E0007C3440 /* AVExperimentsUITests.swift */; };
		30F6B463284AF1E0007C3440 /* AVExperimentsUITestsLaunchTests.swift in Sources */ = {isa = PBXBuildFile; fileRef = 30F6B462284AF1E0007C3440 /* AVExperimentsUITestsLaunchTests.swift */; };
		30F6B471284AF576007C3440 /* ComposableArchitecture in Frameworks */ = {isa = PBXBuildFile; productRef = 30F6B470284AF576007C3440 /* ComposableArchitecture */; };
		30F6B476284AFD04007C3440 /* ScrubbingPlayerView.swift in Sources */ = {isa = PBXBuildFile; fileRef = 30F6B475284AFD04007C3440 /* ScrubbingPlayerView.swift */; };
		30F6B478284AFD36007C3440 /* ScrubbingPlayerFeature.swift in Sources */ = {isa = PBXBuildFile; fileRef = 30F6B477284AFD36007C3440 /* ScrubbingPlayerFeature.swift */; };
		30F6B47A284AFD48007C3440 /* ScrubbingPlayerEffects.swift in Sources */ = {isa = PBXBuildFile; fileRef = 30F6B479284AFD48007C3440 /* ScrubbingPlayerEffects.swift */; };
		30F6B47C284AFD57007C3440 /* ScrubbingPlayerModel.swift in Sources */ = {isa = PBXBuildFile; fileRef = 30F6B47B284AFD57007C3440 /* ScrubbingPlayerModel.swift */; };
		30F6B47E284B233D007C3440 /* SystemEnvironment.swift in Sources */ = {isa = PBXBuildFile; fileRef = 30F6B47D284B233D007C3440 /* SystemEnvironment.swift */; };
		30F6B482284B256E007C3440 /* Image+Extension.swift in Sources */ = {isa = PBXBuildFile; fileRef = 30F6B480284B256E007C3440 /* Image+Extension.swift */; };
		30F6B483284B256E007C3440 /* PlayerTime.swift in Sources */ = {isa = PBXBuildFile; fileRef = 30F6B481284B256E007C3440 /* PlayerTime.swift */; };
		30F6B486284B25B6007C3440 /* IU-5s.mp3 in Resources */ = {isa = PBXBuildFile; fileRef = 30F6B484284B25B6007C3440 /* IU-5s.mp3 */; };
		30F6B487284B25B6007C3440 /* IU-12s.mp3 in Resources */ = {isa = PBXBuildFile; fileRef = 30F6B485284B25B6007C3440 /* IU-12s.mp3 */; };
		30F6B48A284E45D5007C3440 /* RootFeature.swift in Sources */ = {isa = PBXBuildFile; fileRef = 30F6B489284E45D5007C3440 /* RootFeature.swift */; };
		30F6B48C284E45F3007C3440 /* RootView.swift in Sources */ = {isa = PBXBuildFile; fileRef = 30F6B48B284E45F3007C3440 /* RootView.swift */; };
		30F6B48F284E49BB007C3440 /* AudioPlayerClient.swift in Sources */ = {isa = PBXBuildFile; fileRef = 30F6B48E284E49BB007C3440 /* AudioPlayerClient.swift */; };
		30F6B491284E49DA007C3440 /* AudioPlayerClient+Live.swift in Sources */ = {isa = PBXBuildFile; fileRef = 30F6B490284E49DA007C3440 /* AudioPlayerClient+Live.swift */; };
		30F6B493284E555C007C3440 /* APIError.swift in Sources */ = {isa = PBXBuildFile; fileRef = 30F6B492284E555C007C3440 /* APIError.swift */; };
/* End PBXBuildFile section */

/* Begin PBXContainerItemProxy section */
		30F6B453284AF1E0007C3440 /* PBXContainerItemProxy */ = {
			isa = PBXContainerItemProxy;
			containerPortal = 30F6B43A284AF1DE007C3440 /* Project object */;
			proxyType = 1;
			remoteGlobalIDString = 30F6B441284AF1DE007C3440;
			remoteInfo = AVExperiments;
		};
		30F6B45D284AF1E0007C3440 /* PBXContainerItemProxy */ = {
			isa = PBXContainerItemProxy;
			containerPortal = 30F6B43A284AF1DE007C3440 /* Project object */;
			proxyType = 1;
			remoteGlobalIDString = 30F6B441284AF1DE007C3440;
			remoteInfo = AVExperiments;
		};
/* End PBXContainerItemProxy section */

/* Begin PBXFileReference section */
		30A2BB60288A982100720BD3 /* MusicAssetListFeature.swift */ = {isa = PBXFileReference; lastKnownFileType = sourcecode.swift; path = MusicAssetListFeature.swift; sourceTree = "<group>"; };
		30A2BB62288A983800720BD3 /* MusicAssetListView.swift */ = {isa = PBXFileReference; lastKnownFileType = sourcecode.swift; path = MusicAssetListView.swift; sourceTree = "<group>"; };
		30A2BB64288ADDF700720BD3 /* MusicAssetModel.swift */ = {isa = PBXFileReference; lastKnownFileType = sourcecode.swift; path = MusicAssetModel.swift; sourceTree = "<group>"; };
		30B8482F2874367B0073D693 /* ScrubbingPlayerCalculation.swift */ = {isa = PBXFileReference; lastKnownFileType = sourcecode.swift; path = ScrubbingPlayerCalculation.swift; sourceTree = "<group>"; };
		30B848312875843E0073D693 /* roses.mp3 */ = {isa = PBXFileReference; lastKnownFileType = audio.mp3; path = roses.mp3; sourceTree = "<group>"; };
		30C43ACD2866A4EC00F1E88B /* ScrollableView.swift */ = {isa = PBXFileReference; fileEncoding = 4; lastKnownFileType = sourcecode.swift; path = ScrollableView.swift; sourceTree = "<group>"; };
		30C43ACF2866A55600F1E88B /* View+Extension.swift */ = {isa = PBXFileReference; lastKnownFileType = sourcecode.swift; path = "View+Extension.swift"; sourceTree = "<group>"; };
		30C43AD22866CAD500F1E88B /* AudioEngineClient.swift */ = {isa = PBXFileReference; lastKnownFileType = sourcecode.swift; path = AudioEngineClient.swift; sourceTree = "<group>"; };
		30C43AD42866CB0300F1E88B /* AudioEngineClient+Live.swift */ = {isa = PBXFileReference; lastKnownFileType = sourcecode.swift; path = "AudioEngineClient+Live.swift"; sourceTree = "<group>"; };
		30C43AD62866CF4800F1E88B /* GenScrubbingSourceNode.swift */ = {isa = PBXFileReference; fileEncoding = 4; lastKnownFileType = sourcecode.swift; path = GenScrubbingSourceNode.swift; sourceTree = "<group>"; };
		30C43AD82869ADDC00F1E88B /* AudioInfo.swift */ = {isa = PBXFileReference; lastKnownFileType = sourcecode.swift; path = AudioInfo.swift; sourceTree = "<group>"; };
		30F6B442284AF1DE007C3440 /* AVExperiments.app */ = {isa = PBXFileReference; explicitFileType = wrapper.application; includeInIndex = 0; path = AVExperiments.app; sourceTree = BUILT_PRODUCTS_DIR; };
		30F6B445284AF1DE007C3440 /* AVExperimentsApp.swift */ = {isa = PBXFileReference; lastKnownFileType = sourcecode.swift; path = AVExperimentsApp.swift; sourceTree = "<group>"; };
		30F6B449284AF1E0007C3440 /* Assets.xcassets */ = {isa = PBXFileReference; lastKnownFileType = folder.assetcatalog; path = Assets.xcassets; sourceTree = "<group>"; };
		30F6B44C284AF1E0007C3440 /* Preview Assets.xcassets */ = {isa = PBXFileReference; lastKnownFileType = folder.assetcatalog; path = "Preview Assets.xcassets"; sourceTree = "<group>"; };
		30F6B452284AF1E0007C3440 /* AVExperimentsTests.xctest */ = {isa = PBXFileReference; explicitFileType = wrapper.cfbundle; includeInIndex = 0; path = AVExperimentsTests.xctest; sourceTree = BUILT_PRODUCTS_DIR; };
		30F6B456284AF1E0007C3440 /* AVExperimentsTests.swift */ = {isa = PBXFileReference; lastKnownFileType = sourcecode.swift; path = AVExperimentsTests.swift; sourceTree = "<group>"; };
		30F6B45C284AF1E0007C3440 /* AVExperimentsUITests.xctest */ = {isa = PBXFileReference; explicitFileType = wrapper.cfbundle; includeInIndex = 0; path = AVExperimentsUITests.xctest; sourceTree = BUILT_PRODUCTS_DIR; };
		30F6B460284AF1E0007C3440 /* AVExperimentsUITests.swift */ = {isa = PBXFileReference; lastKnownFileType = sourcecode.swift; path = AVExperimentsUITests.swift; sourceTree = "<group>"; };
		30F6B462284AF1E0007C3440 /* AVExperimentsUITestsLaunchTests.swift */ = {isa = PBXFileReference; lastKnownFileType = sourcecode.swift; path = AVExperimentsUITestsLaunchTests.swift; sourceTree = "<group>"; };
		30F6B475284AFD04007C3440 /* ScrubbingPlayerView.swift */ = {isa = PBXFileReference; lastKnownFileType = sourcecode.swift; path = ScrubbingPlayerView.swift; sourceTree = "<group>"; };
		30F6B477284AFD36007C3440 /* ScrubbingPlayerFeature.swift */ = {isa = PBXFileReference; lastKnownFileType = sourcecode.swift; path = ScrubbingPlayerFeature.swift; sourceTree = "<group>"; };
		30F6B479284AFD48007C3440 /* ScrubbingPlayerEffects.swift */ = {isa = PBXFileReference; lastKnownFileType = sourcecode.swift; path = ScrubbingPlayerEffects.swift; sourceTree = "<group>"; };
		30F6B47B284AFD57007C3440 /* ScrubbingPlayerModel.swift */ = {isa = PBXFileReference; lastKnownFileType = sourcecode.swift; path = ScrubbingPlayerModel.swift; sourceTree = "<group>"; };
		30F6B47D284B233D007C3440 /* SystemEnvironment.swift */ = {isa = PBXFileReference; lastKnownFileType = sourcecode.swift; path = SystemEnvironment.swift; sourceTree = "<group>"; };
		30F6B480284B256E007C3440 /* Image+Extension.swift */ = {isa = PBXFileReference; fileEncoding = 4; lastKnownFileType = sourcecode.swift; path = "Image+Extension.swift"; sourceTree = "<group>"; };
		30F6B481284B256E007C3440 /* PlayerTime.swift */ = {isa = PBXFileReference; fileEncoding = 4; lastKnownFileType = sourcecode.swift; path = PlayerTime.swift; sourceTree = "<group>"; };
		30F6B484284B25B6007C3440 /* IU-5s.mp3 */ = {isa = PBXFileReference; lastKnownFileType = audio.mp3; path = "IU-5s.mp3"; sourceTree = "<group>"; };
		30F6B485284B25B6007C3440 /* IU-12s.mp3 */ = {isa = PBXFileReference; lastKnownFileType = audio.mp3; path = "IU-12s.mp3"; sourceTree = "<group>"; };
		30F6B489284E45D5007C3440 /* RootFeature.swift */ = {isa = PBXFileReference; lastKnownFileType = sourcecode.swift; path = RootFeature.swift; sourceTree = "<group>"; };
		30F6B48B284E45F3007C3440 /* RootView.swift */ = {isa = PBXFileReference; lastKnownFileType = sourcecode.swift; path = RootView.swift; sourceTree = "<group>"; };
		30F6B48E284E49BB007C3440 /* AudioPlayerClient.swift */ = {isa = PBXFileReference; lastKnownFileType = sourcecode.swift; path = AudioPlayerClient.swift; sourceTree = "<group>"; };
		30F6B490284E49DA007C3440 /* AudioPlayerClient+Live.swift */ = {isa = PBXFileReference; lastKnownFileType = sourcecode.swift; path = "AudioPlayerClient+Live.swift"; sourceTree = "<group>"; };
		30F6B492284E555C007C3440 /* APIError.swift */ = {isa = PBXFileReference; lastKnownFileType = sourcecode.swift; path = APIError.swift; sourceTree = "<group>"; };
/* End PBXFileReference section */

/* Begin PBXFrameworksBuildPhase section */
		30F6B43F284AF1DE007C3440 /* Frameworks */ = {
			isa = PBXFrameworksBuildPhase;
			buildActionMask = 2147483647;
			files = (
				30F6B471284AF576007C3440 /* ComposableArchitecture in Frameworks */,
			);
			runOnlyForDeploymentPostprocessing = 0;
		};
		30F6B44F284AF1E0007C3440 /* Frameworks */ = {
			isa = PBXFrameworksBuildPhase;
			buildActionMask = 2147483647;
			files = (
			);
			runOnlyForDeploymentPostprocessing = 0;
		};
		30F6B459284AF1E0007C3440 /* Frameworks */ = {
			isa = PBXFrameworksBuildPhase;
			buildActionMask = 2147483647;
			files = (
			);
			runOnlyForDeploymentPostprocessing = 0;
		};
/* End PBXFrameworksBuildPhase section */

/* Begin PBXGroup section */
		30A2BB5F288A97D600720BD3 /* MusicAssetList */ = {
			isa = PBXGroup;
			children = (
				30A2BB60288A982100720BD3 /* MusicAssetListFeature.swift */,
				30A2BB62288A983800720BD3 /* MusicAssetListView.swift */,
				30A2BB64288ADDF700720BD3 /* MusicAssetModel.swift */,
			);
			path = MusicAssetList;
			sourceTree = "<group>";
		};
		30C43ACC2866A4DA00F1E88B /* ScrollView */ = {
			isa = PBXGroup;
			children = (
				30C43ACD2866A4EC00F1E88B /* ScrollableView.swift */,
			);
			path = ScrollView;
			sourceTree = "<group>";
		};
		30C43AD12866CAB600F1E88B /* AudioEngineClient */ = {
			isa = PBXGroup;
			children = (
				30C43AD62866CF4800F1E88B /* GenScrubbingSourceNode.swift */,
				30C43AD22866CAD500F1E88B /* AudioEngineClient.swift */,
				30C43AD42866CB0300F1E88B /* AudioEngineClient+Live.swift */,
			);
			path = AudioEngineClient;
			sourceTree = "<group>";
		};
		30F6B439284AF1DE007C3440 = {
			isa = PBXGroup;
			children = (
				30F6B444284AF1DE007C3440 /* AVExperiments */,
				30F6B455284AF1E0007C3440 /* AVExperimentsTests */,
				30F6B45F284AF1E0007C3440 /* AVExperimentsUITests */,
				30F6B443284AF1DE007C3440 /* Products */,
			);
			sourceTree = "<group>";
		};
		30F6B443284AF1DE007C3440 /* Products */ = {
			isa = PBXGroup;
			children = (
				30F6B442284AF1DE007C3440 /* AVExperiments.app */,
				30F6B452284AF1E0007C3440 /* AVExperimentsTests.xctest */,
				30F6B45C284AF1E0007C3440 /* AVExperimentsUITests.xctest */,
			);
			name = Products;
			sourceTree = "<group>";
		};
		30F6B444284AF1DE007C3440 /* AVExperiments */ = {
			isa = PBXGroup;
			children = (
				30F6B445284AF1DE007C3440 /* AVExperimentsApp.swift */,
				30F6B472284AFBF9007C3440 /* Root */,
				30F6B473284AFC06007C3440 /* Share */,
				30F6B474284AFC10007C3440 /* ScrubbingPlayer */,
				30A2BB5F288A97D600720BD3 /* MusicAssetList */,
				30F6B449284AF1E0007C3440 /* Assets.xcassets */,
				30B848312875843E0073D693 /* roses.mp3 */,
				30F6B484284B25B6007C3440 /* IU-5s.mp3 */,
				30F6B485284B25B6007C3440 /* IU-12s.mp3 */,
				30F6B44B284AF1E0007C3440 /* Preview Content */,
			);
			path = AVExperiments;
			sourceTree = "<group>";
		};
		30F6B44B284AF1E0007C3440 /* Preview Content */ = {
			isa = PBXGroup;
			children = (
				30F6B44C284AF1E0007C3440 /* Preview Assets.xcassets */,
			);
			path = "Preview Content";
			sourceTree = "<group>";
		};
		30F6B455284AF1E0007C3440 /* AVExperimentsTests */ = {
			isa = PBXGroup;
			children = (
				30F6B456284AF1E0007C3440 /* AVExperimentsTests.swift */,
			);
			path = AVExperimentsTests;
			sourceTree = "<group>";
		};
		30F6B45F284AF1E0007C3440 /* AVExperimentsUITests */ = {
			isa = PBXGroup;
			children = (
				30F6B460284AF1E0007C3440 /* AVExperimentsUITests.swift */,
				30F6B462284AF1E0007C3440 /* AVExperimentsUITestsLaunchTests.swift */,
			);
			path = AVExperimentsUITests;
			sourceTree = "<group>";
		};
		30F6B472284AFBF9007C3440 /* Root */ = {
			isa = PBXGroup;
			children = (
				30F6B489284E45D5007C3440 /* RootFeature.swift */,
				30F6B48B284E45F3007C3440 /* RootView.swift */,
			);
			path = Root;
			sourceTree = "<group>";
		};
		30F6B473284AFC06007C3440 /* Share */ = {
			isa = PBXGroup;
			children = (
				30F6B47D284B233D007C3440 /* SystemEnvironment.swift */,
			);
			path = Share;
			sourceTree = "<group>";
		};
		30F6B474284AFC10007C3440 /* ScrubbingPlayer */ = {
			isa = PBXGroup;
			children = (
				30C43AD12866CAB600F1E88B /* AudioEngineClient */,
				30C43ACC2866A4DA00F1E88B /* ScrollView */,
				30F6B48D284E4979007C3440 /* AudioPlayerClient */,
				30F6B47F284B2557007C3440 /* UtilExt */,
				30F6B477284AFD36007C3440 /* ScrubbingPlayerFeature.swift */,
				30F6B475284AFD04007C3440 /* ScrubbingPlayerView.swift */,
				30F6B479284AFD48007C3440 /* ScrubbingPlayerEffects.swift */,
				30F6B47B284AFD57007C3440 /* ScrubbingPlayerModel.swift */,
				30C43AD82869ADDC00F1E88B /* AudioInfo.swift */,
				30B8482F2874367B0073D693 /* ScrubbingPlayerCalculation.swift */,
			);
			path = ScrubbingPlayer;
			sourceTree = "<group>";
		};
		30F6B47F284B2557007C3440 /* UtilExt */ = {
			isa = PBXGroup;
			children = (
				30F6B480284B256E007C3440 /* Image+Extension.swift */,
				30F6B481284B256E007C3440 /* PlayerTime.swift */,
				30F6B492284E555C007C3440 /* APIError.swift */,
				30C43ACF2866A55600F1E88B /* View+Extension.swift */,
			);
			path = UtilExt;
			sourceTree = "<group>";
		};
		30F6B48D284E4979007C3440 /* AudioPlayerClient */ = {
			isa = PBXGroup;
			children = (
				30F6B48E284E49BB007C3440 /* AudioPlayerClient.swift */,
				30F6B490284E49DA007C3440 /* AudioPlayerClient+Live.swift */,
			);
			path = AudioPlayerClient;
			sourceTree = "<group>";
		};
/* End PBXGroup section */

/* Begin PBXNativeTarget section */
		30F6B441284AF1DE007C3440 /* AVExperiments */ = {
			isa = PBXNativeTarget;
			buildConfigurationList = 30F6B466284AF1E0007C3440 /* Build configuration list for PBXNativeTarget "AVExperiments" */;
			buildPhases = (
				30F6B43E284AF1DE007C3440 /* Sources */,
				30F6B43F284AF1DE007C3440 /* Frameworks */,
				30F6B440284AF1DE007C3440 /* Resources */,
			);
			buildRules = (
			);
			dependencies = (
			);
			name = AVExperiments;
			packageProductDependencies = (
				30F6B470284AF576007C3440 /* ComposableArchitecture */,
			);
			productName = AVExperiments;
			productReference = 30F6B442284AF1DE007C3440 /* AVExperiments.app */;
			productType = "com.apple.product-type.application";
		};
		30F6B451284AF1E0007C3440 /* AVExperimentsTests */ = {
			isa = PBXNativeTarget;
			buildConfigurationList = 30F6B469284AF1E0007C3440 /* Build configuration list for PBXNativeTarget "AVExperimentsTests" */;
			buildPhases = (
				30F6B44E284AF1E0007C3440 /* Sources */,
				30F6B44F284AF1E0007C3440 /* Frameworks */,
				30F6B450284AF1E0007C3440 /* Resources */,
			);
			buildRules = (
			);
			dependencies = (
				30F6B454284AF1E0007C3440 /* PBXTargetDependency */,
			);
			name = AVExperimentsTests;
			productName = AVExperimentsTests;
			productReference = 30F6B452284AF1E0007C3440 /* AVExperimentsTests.xctest */;
			productType = "com.apple.product-type.bundle.unit-test";
		};
		30F6B45B284AF1E0007C3440 /* AVExperimentsUITests */ = {
			isa = PBXNativeTarget;
			buildConfigurationList = 30F6B46C284AF1E0007C3440 /* Build configuration list for PBXNativeTarget "AVExperimentsUITests" */;
			buildPhases = (
				30F6B458284AF1E0007C3440 /* Sources */,
				30F6B459284AF1E0007C3440 /* Frameworks */,
				30F6B45A284AF1E0007C3440 /* Resources */,
			);
			buildRules = (
			);
			dependencies = (
				30F6B45E284AF1E0007C3440 /* PBXTargetDependency */,
			);
			name = AVExperimentsUITests;
			productName = AVExperimentsUITests;
			productReference = 30F6B45C284AF1E0007C3440 /* AVExperimentsUITests.xctest */;
			productType = "com.apple.product-type.bundle.ui-testing";
		};
/* End PBXNativeTarget section */

/* Begin PBXProject section */
		30F6B43A284AF1DE007C3440 /* Project object */ = {
			isa = PBXProject;
			attributes = {
				BuildIndependentTargetsInParallel = 1;
				LastSwiftUpdateCheck = 1340;
				LastUpgradeCheck = 1340;
				TargetAttributes = {
					30F6B441284AF1DE007C3440 = {
						CreatedOnToolsVersion = 13.4;
					};
					30F6B451284AF1E0007C3440 = {
						CreatedOnToolsVersion = 13.4;
						TestTargetID = 30F6B441284AF1DE007C3440;
					};
					30F6B45B284AF1E0007C3440 = {
						CreatedOnToolsVersion = 13.4;
						TestTargetID = 30F6B441284AF1DE007C3440;
					};
				};
			};
			buildConfigurationList = 30F6B43D284AF1DE007C3440 /* Build configuration list for PBXProject "AVExperiments" */;
			compatibilityVersion = "Xcode 13.0";
			developmentRegion = en;
			hasScannedForEncodings = 0;
			knownRegions = (
				en,
				Base,
			);
			mainGroup = 30F6B439284AF1DE007C3440;
			packageReferences = (
				30F6B46F284AF576007C3440 /* XCRemoteSwiftPackageReference "swift-composable-architecture" */,
			);
			productRefGroup = 30F6B443284AF1DE007C3440 /* Products */;
			projectDirPath = "";
			projectRoot = "";
			targets = (
				30F6B441284AF1DE007C3440 /* AVExperiments */,
				30F6B451284AF1E0007C3440 /* AVExperimentsTests */,
				30F6B45B284AF1E0007C3440 /* AVExperimentsUITests */,
			);
		};
/* End PBXProject section */

/* Begin PBXResourcesBuildPhase section */
		30F6B440284AF1DE007C3440 /* Resources */ = {
			isa = PBXResourcesBuildPhase;
			buildActionMask = 2147483647;
			files = (
				30F6B44D284AF1E0007C3440 /* Preview Assets.xcassets in Resources */,
				30F6B487284B25B6007C3440 /* IU-12s.mp3 in Resources */,
				30B848322875843E0073D693 /* roses.mp3 in Resources */,
				30F6B486284B25B6007C3440 /* IU-5s.mp3 in Resources */,
				30F6B44A284AF1E0007C3440 /* Assets.xcassets in Resources */,
			);
			runOnlyForDeploymentPostprocessing = 0;
		};
		30F6B450284AF1E0007C3440 /* Resources */ = {
			isa = PBXResourcesBuildPhase;
			buildActionMask = 2147483647;
			files = (
			);
			runOnlyForDeploymentPostprocessing = 0;
		};
		30F6B45A284AF1E0007C3440 /* Resources */ = {
			isa = PBXResourcesBuildPhase;
			buildActionMask = 2147483647;
			files = (
			);
			runOnlyForDeploymentPostprocessing = 0;
		};
/* End PBXResourcesBuildPhase section */

/* Begin PBXSourcesBuildPhase section */
		30F6B43E284AF1DE007C3440 /* Sources */ = {
			isa = PBXSourcesBuildPhase;
			buildActionMask = 2147483647;
			files = (
				30F6B48A284E45D5007C3440 /* RootFeature.swift in Sources */,
				30F6B483284B256E007C3440 /* PlayerTime.swift in Sources */,
				30F6B47C284AFD57007C3440 /* ScrubbingPlayerModel.swift in Sources */,
				30A2BB65288ADDF700720BD3 /* MusicAssetModel.swift in Sources */,
				30C43AD92869ADDC00F1E88B /* AudioInfo.swift in Sources */,
				30C43AD72866CF4800F1E88B /* GenScrubbingSourceNode.swift in Sources */,
				30F6B446284AF1DE007C3440 /* AVExperimentsApp.swift in Sources */,
				30F6B482284B256E007C3440 /* Image+Extension.swift in Sources */,
				30A2BB63288A983900720BD3 /* MusicAssetListView.swift in Sources */,
				30C43ACE2866A4EC00F1E88B /* ScrollableView.swift in Sources */,
				30F6B476284AFD04007C3440 /* ScrubbingPlayerView.swift in Sources */,
				30A2BB61288A982100720BD3 /* MusicAssetListFeature.swift in Sources */,
				30C43AD02866A55600F1E88B /* View+Extension.swift in Sources */,
				30F6B47A284AFD48007C3440 /* ScrubbingPlayerEffects.swift in Sources */,
				30C43AD32866CAD500F1E88B /* AudioEngineClient.swift in Sources */,
				30F6B48F284E49BB007C3440 /* AudioPlayerClient.swift in Sources */,
				30C43AD52866CB0300F1E88B /* AudioEngineClient+Live.swift in Sources */,
				30F6B478284AFD36007C3440 /* ScrubbingPlayerFeature.swift in Sources */,
				30F6B47E284B233D007C3440 /* SystemEnvironment.swift in Sources */,
				30B848302874367B0073D693 /* ScrubbingPlayerCalculation.swift in Sources */,
				30F6B491284E49DA007C3440 /* AudioPlayerClient+Live.swift in Sources */,
				30F6B48C284E45F3007C3440 /* RootView.swift in Sources */,
				30F6B493284E555C007C3440 /* APIError.swift in Sources */,
			);
			runOnlyForDeploymentPostprocessing = 0;
		};
		30F6B44E284AF1E0007C3440 /* Sources */ = {
			isa = PBXSourcesBuildPhase;
			buildActionMask = 2147483647;
			files = (
				30F6B457284AF1E0007C3440 /* AVExperimentsTests.swift in Sources */,
			);
			runOnlyForDeploymentPostprocessing = 0;
		};
		30F6B458284AF1E0007C3440 /* Sources */ = {
			isa = PBXSourcesBuildPhase;
			buildActionMask = 2147483647;
			files = (
				30F6B463284AF1E0007C3440 /* AVExperimentsUITestsLaunchTests.swift in Sources */,
				30F6B461284AF1E0007C3440 /* AVExperimentsUITests.swift in Sources */,
			);
			runOnlyForDeploymentPostprocessing = 0;
		};
/* End PBXSourcesBuildPhase section */

/* Begin PBXTargetDependency section */
		30F6B454284AF1E0007C3440 /* PBXTargetDependency */ = {
			isa = PBXTargetDependency;
			target = 30F6B441284AF1DE007C3440 /* AVExperiments */;
			targetProxy = 30F6B453284AF1E0007C3440 /* PBXContainerItemProxy */;
		};
		30F6B45E284AF1E0007C3440 /* PBXTargetDependency */ = {
			isa = PBXTargetDependency;
			target = 30F6B441284AF1DE007C3440 /* AVExperiments */;
			targetProxy = 30F6B45D284AF1E0007C3440 /* PBXContainerItemProxy */;
		};
/* End PBXTargetDependency section */

/* Begin XCBuildConfiguration section */
		30F6B464284AF1E0007C3440 /* Debug */ = {
			isa = XCBuildConfiguration;
			buildSettings = {
				ALWAYS_SEARCH_USER_PATHS = NO;
				CLANG_ANALYZER_NONNULL = YES;
				CLANG_ANALYZER_NUMBER_OBJECT_CONVERSION = YES_AGGRESSIVE;
				CLANG_CXX_LANGUAGE_STANDARD = "gnu++17";
				CLANG_ENABLE_MODULES = YES;
				CLANG_ENABLE_OBJC_ARC = YES;
				CLANG_ENABLE_OBJC_WEAK = YES;
				CLANG_WARN_BLOCK_CAPTURE_AUTORELEASING = YES;
				CLANG_WARN_BOOL_CONVERSION = YES;
				CLANG_WARN_COMMA = YES;
				CLANG_WARN_CONSTANT_CONVERSION = YES;
				CLANG_WARN_DEPRECATED_OBJC_IMPLEMENTATIONS = YES;
				CLANG_WARN_DIRECT_OBJC_ISA_USAGE = YES_ERROR;
				CLANG_WARN_DOCUMENTATION_COMMENTS = YES;
				CLANG_WARN_EMPTY_BODY = YES;
				CLANG_WARN_ENUM_CONVERSION = YES;
				CLANG_WARN_INFINITE_RECURSION = YES;
				CLANG_WARN_INT_CONVERSION = YES;
				CLANG_WARN_NON_LITERAL_NULL_CONVERSION = YES;
				CLANG_WARN_OBJC_IMPLICIT_RETAIN_SELF = YES;
				CLANG_WARN_OBJC_LITERAL_CONVERSION = YES;
				CLANG_WARN_OBJC_ROOT_CLASS = YES_ERROR;
				CLANG_WARN_QUOTED_INCLUDE_IN_FRAMEWORK_HEADER = YES;
				CLANG_WARN_RANGE_LOOP_ANALYSIS = YES;
				CLANG_WARN_STRICT_PROTOTYPES = YES;
				CLANG_WARN_SUSPICIOUS_MOVE = YES;
				CLANG_WARN_UNGUARDED_AVAILABILITY = YES_AGGRESSIVE;
				CLANG_WARN_UNREACHABLE_CODE = YES;
				CLANG_WARN__DUPLICATE_METHOD_MATCH = YES;
				COPY_PHASE_STRIP = NO;
				DEBUG_INFORMATION_FORMAT = dwarf;
				ENABLE_STRICT_OBJC_MSGSEND = YES;
				ENABLE_TESTABILITY = YES;
				GCC_C_LANGUAGE_STANDARD = gnu11;
				GCC_DYNAMIC_NO_PIC = NO;
				GCC_NO_COMMON_BLOCKS = YES;
				GCC_OPTIMIZATION_LEVEL = 0;
				GCC_PREPROCESSOR_DEFINITIONS = (
					"DEBUG=1",
					"$(inherited)",
				);
				GCC_WARN_64_TO_32_BIT_CONVERSION = YES;
				GCC_WARN_ABOUT_RETURN_TYPE = YES_ERROR;
				GCC_WARN_UNDECLARED_SELECTOR = YES;
				GCC_WARN_UNINITIALIZED_AUTOS = YES_AGGRESSIVE;
				GCC_WARN_UNUSED_FUNCTION = YES;
				GCC_WARN_UNUSED_VARIABLE = YES;
				IPHONEOS_DEPLOYMENT_TARGET = 15.5;
				MTL_ENABLE_DEBUG_INFO = INCLUDE_SOURCE;
				MTL_FAST_MATH = YES;
				ONLY_ACTIVE_ARCH = YES;
				SDKROOT = iphoneos;
				SWIFT_ACTIVE_COMPILATION_CONDITIONS = DEBUG;
				SWIFT_OPTIMIZATION_LEVEL = "-Onone";
			};
			name = Debug;
		};
		30F6B465284AF1E0007C3440 /* Release */ = {
			isa = XCBuildConfiguration;
			buildSettings = {
				ALWAYS_SEARCH_USER_PATHS = NO;
				CLANG_ANALYZER_NONNULL = YES;
				CLANG_ANALYZER_NUMBER_OBJECT_CONVERSION = YES_AGGRESSIVE;
				CLANG_CXX_LANGUAGE_STANDARD = "gnu++17";
				CLANG_ENABLE_MODULES = YES;
				CLANG_ENABLE_OBJC_ARC = YES;
				CLANG_ENABLE_OBJC_WEAK = YES;
				CLANG_WARN_BLOCK_CAPTURE_AUTORELEASING = YES;
				CLANG_WARN_BOOL_CONVERSION = YES;
				CLANG_WARN_COMMA = YES;
				CLANG_WARN_CONSTANT_CONVERSION = YES;
				CLANG_WARN_DEPRECATED_OBJC_IMPLEMENTATIONS = YES;
				CLANG_WARN_DIRECT_OBJC_ISA_USAGE = YES_ERROR;
				CLANG_WARN_DOCUMENTATION_COMMENTS = YES;
				CLANG_WARN_EMPTY_BODY = YES;
				CLANG_WARN_ENUM_CONVERSION = YES;
				CLANG_WARN_INFINITE_RECURSION = YES;
				CLANG_WARN_INT_CONVERSION = YES;
				CLANG_WARN_NON_LITERAL_NULL_CONVERSION = YES;
				CLANG_WARN_OBJC_IMPLICIT_RETAIN_SELF = YES;
				CLANG_WARN_OBJC_LITERAL_CONVERSION = YES;
				CLANG_WARN_OBJC_ROOT_CLASS = YES_ERROR;
				CLANG_WARN_QUOTED_INCLUDE_IN_FRAMEWORK_HEADER = YES;
				CLANG_WARN_RANGE_LOOP_ANALYSIS = YES;
				CLANG_WARN_STRICT_PROTOTYPES = YES;
				CLANG_WARN_SUSPICIOUS_MOVE = YES;
				CLANG_WARN_UNGUARDED_AVAILABILITY = YES_AGGRESSIVE;
				CLANG_WARN_UNREACHABLE_CODE = YES;
				CLANG_WARN__DUPLICATE_METHOD_MATCH = YES;
				COPY_PHASE_STRIP = NO;
				DEBUG_INFORMATION_FORMAT = "dwarf-with-dsym";
				ENABLE_NS_ASSERTIONS = NO;
				ENABLE_STRICT_OBJC_MSGSEND = YES;
				GCC_C_LANGUAGE_STANDARD = gnu11;
				GCC_NO_COMMON_BLOCKS = YES;
				GCC_WARN_64_TO_32_BIT_CONVERSION = YES;
				GCC_WARN_ABOUT_RETURN_TYPE = YES_ERROR;
				GCC_WARN_UNDECLARED_SELECTOR = YES;
				GCC_WARN_UNINITIALIZED_AUTOS = YES_AGGRESSIVE;
				GCC_WARN_UNUSED_FUNCTION = YES;
				GCC_WARN_UNUSED_VARIABLE = YES;
				IPHONEOS_DEPLOYMENT_TARGET = 15.5;
				MTL_ENABLE_DEBUG_INFO = NO;
				MTL_FAST_MATH = YES;
				SDKROOT = iphoneos;
				SWIFT_COMPILATION_MODE = wholemodule;
				SWIFT_OPTIMIZATION_LEVEL = "-O";
				VALIDATE_PRODUCT = YES;
			};
			name = Release;
		};
		30F6B467284AF1E0007C3440 /* Debug */ = {
			isa = XCBuildConfiguration;
			buildSettings = {
				ASSETCATALOG_COMPILER_APPICON_NAME = AppIcon;
				ASSETCATALOG_COMPILER_GLOBAL_ACCENT_COLOR_NAME = AccentColor;
				CODE_SIGN_STYLE = Automatic;
				CURRENT_PROJECT_VERSION = 1;
				DEVELOPMENT_ASSET_PATHS = "\"AVExperiments/Preview Content\"";
				DEVELOPMENT_TEAM = B8PPCZZ8Y7;
				ENABLE_PREVIEWS = YES;
				GENERATE_INFOPLIST_FILE = YES;
				INFOPLIST_KEY_UIApplicationSceneManifest_Generation = YES;
				INFOPLIST_KEY_UIApplicationSupportsIndirectInputEvents = YES;
				INFOPLIST_KEY_UILaunchScreen_Generation = YES;
				INFOPLIST_KEY_UISupportedInterfaceOrientations_iPad = "UIInterfaceOrientationPortrait UIInterfaceOrientationPortraitUpsideDown UIInterfaceOrientationLandscapeLeft UIInterfaceOrientationLandscapeRight";
				INFOPLIST_KEY_UISupportedInterfaceOrientations_iPhone = "UIInterfaceOrientationPortrait UIInterfaceOrientationLandscapeLeft UIInterfaceOrientationLandscapeRight";
				IPHONEOS_DEPLOYMENT_TARGET = 15.0;
				LD_RUNPATH_SEARCH_PATHS = (
					"$(inherited)",
					"@executable_path/Frameworks",
				);
				MARKETING_VERSION = 1.0;
				PRODUCT_BUNDLE_IDENTIFIER = com.ac.AVExperiments;
				PRODUCT_NAME = "$(TARGET_NAME)";
				SWIFT_EMIT_LOC_STRINGS = YES;
				SWIFT_VERSION = 5.0;
				TARGETED_DEVICE_FAMILY = "1,2";
			};
			name = Debug;
		};
		30F6B468284AF1E0007C3440 /* Release */ = {
			isa = XCBuildConfiguration;
			buildSettings = {
				ASSETCATALOG_COMPILER_APPICON_NAME = AppIcon;
				ASSETCATALOG_COMPILER_GLOBAL_ACCENT_COLOR_NAME = AccentColor;
				CODE_SIGN_STYLE = Automatic;
				CURRENT_PROJECT_VERSION = 1;
				DEVELOPMENT_ASSET_PATHS = "\"AVExperiments/Preview Content\"";
				DEVELOPMENT_TEAM = B8PPCZZ8Y7;
				ENABLE_PREVIEWS = YES;
				GENERATE_INFOPLIST_FILE = YES;
				INFOPLIST_KEY_UIApplicationSceneManifest_Generation = YES;
				INFOPLIST_KEY_UIApplicationSupportsIndirectInputEvents = YES;
				INFOPLIST_KEY_UILaunchScreen_Generation = YES;
				INFOPLIST_KEY_UISupportedInterfaceOrientations_iPad = "UIInterfaceOrientationPortrait UIInterfaceOrientationPortraitUpsideDown UIInterfaceOrientationLandscapeLeft UIInterfaceOrientationLandscapeRight";
				INFOPLIST_KEY_UISupportedInterfaceOrientations_iPhone = "UIInterfaceOrientationPortrait UIInterfaceOrientationLandscapeLeft UIInterfaceOrientationLandscapeRight";
				IPHONEOS_DEPLOYMENT_TARGET = 15.0;
				LD_RUNPATH_SEARCH_PATHS = (
					"$(inherited)",
					"@executable_path/Frameworks",
				);
				MARKETING_VERSION = 1.0;
				PRODUCT_BUNDLE_IDENTIFIER = com.ac.AVExperiments;
				PRODUCT_NAME = "$(TARGET_NAME)";
				SWIFT_EMIT_LOC_STRINGS = YES;
				SWIFT_VERSION = 5.0;
				TARGETED_DEVICE_FAMILY = "1,2";
			};
			name = Release;
		};
		30F6B46A284AF1E0007C3440 /* Debug */ = {
			isa = XCBuildConfiguration;
			buildSettings = {
				ALWAYS_EMBED_SWIFT_STANDARD_LIBRARIES = YES;
				BUNDLE_LOADER = "$(TEST_HOST)";
				CODE_SIGN_STYLE = Automatic;
				CURRENT_PROJECT_VERSION = 1;
				DEVELOPMENT_TEAM = B8PPCZZ8Y7;
				GENERATE_INFOPLIST_FILE = YES;
				IPHONEOS_DEPLOYMENT_TARGET = 15.5;
				MARKETING_VERSION = 1.0;
				PRODUCT_BUNDLE_IDENTIFIER = com.ac.AVExperimentsTests;
				PRODUCT_NAME = "$(TARGET_NAME)";
				SWIFT_EMIT_LOC_STRINGS = NO;
				SWIFT_VERSION = 5.0;
				TARGETED_DEVICE_FAMILY = "1,2";
				TEST_HOST = "$(BUILT_PRODUCTS_DIR)/AVExperiments.app/AVExperiments";
			};
			name = Debug;
		};
		30F6B46B284AF1E0007C3440 /* Release */ = {
			isa = XCBuildConfiguration;
			buildSettings = {
				ALWAYS_EMBED_SWIFT_STANDARD_LIBRARIES = YES;
				BUNDLE_LOADER = "$(TEST_HOST)";
				CODE_SIGN_STYLE = Automatic;
				CURRENT_PROJECT_VERSION = 1;
				DEVELOPMENT_TEAM = B8PPCZZ8Y7;
				GENERATE_INFOPLIST_FILE = YES;
				IPHONEOS_DEPLOYMENT_TARGET = 15.5;
				MARKETING_VERSION = 1.0;
				PRODUCT_BUNDLE_IDENTIFIER = com.ac.AVExperimentsTests;
				PRODUCT_NAME = "$(TARGET_NAME)";
				SWIFT_EMIT_LOC_STRINGS = NO;
				SWIFT_VERSION = 5.0;
				TARGETED_DEVICE_FAMILY = "1,2";
				TEST_HOST = "$(BUILT_PRODUCTS_DIR)/AVExperiments.app/AVExperiments";
			};
			name = Release;
		};
		30F6B46D284AF1E0007C3440 /* Debug */ = {
			isa = XCBuildConfiguration;
			buildSettings = {
				ALWAYS_EMBED_SWIFT_STANDARD_LIBRARIES = YES;
				CODE_SIGN_STYLE = Automatic;
				CURRENT_PROJECT_VERSION = 1;
				DEVELOPMENT_TEAM = B8PPCZZ8Y7;
				GENERATE_INFOPLIST_FILE = YES;
				MARKETING_VERSION = 1.0;
				PRODUCT_BUNDLE_IDENTIFIER = com.ac.AVExperimentsUITests;
				PRODUCT_NAME = "$(TARGET_NAME)";
				SWIFT_EMIT_LOC_STRINGS = NO;
				SWIFT_VERSION = 5.0;
				TARGETED_DEVICE_FAMILY = "1,2";
				TEST_TARGET_NAME = AVExperiments;
			};
			name = Debug;
		};
		30F6B46E284AF1E0007C3440 /* Release */ = {
			isa = XCBuildConfiguration;
			buildSettings = {
				ALWAYS_EMBED_SWIFT_STANDARD_LIBRARIES = YES;
				CODE_SIGN_STYLE = Automatic;
				CURRENT_PROJECT_VERSION = 1;
				DEVELOPMENT_TEAM = B8PPCZZ8Y7;
				GENERATE_INFOPLIST_FILE = YES;
				MARKETING_VERSION = 1.0;
				PRODUCT_BUNDLE_IDENTIFIER = com.ac.AVExperimentsUITests;
				PRODUCT_NAME = "$(TARGET_NAME)";
				SWIFT_EMIT_LOC_STRINGS = NO;
				SWIFT_VERSION = 5.0;
				TARGETED_DEVICE_FAMILY = "1,2";
				TEST_TARGET_NAME = AVExperiments;
			};
			name = Release;
		};
/* End XCBuildConfiguration section */

/* Begin XCConfigurationList section */
		30F6B43D284AF1DE007C3440 /* Build configuration list for PBXProject "AVExperiments" */ = {
			isa = XCConfigurationList;
			buildConfigurations = (
				30F6B464284AF1E0007C3440 /* Debug */,
				30F6B465284AF1E0007C3440 /* Release */,
			);
			defaultConfigurationIsVisible = 0;
			defaultConfigurationName = Release;
		};
		30F6B466284AF1E0007C3440 /* Build configuration list for PBXNativeTarget "AVExperiments" */ = {
			isa = XCConfigurationList;
			buildConfigurations = (
				30F6B467284AF1E0007C3440 /* Debug */,
				30F6B468284AF1E0007C3440 /* Release */,
			);
			defaultConfigurationIsVisible = 0;
			defaultConfigurationName = Release;
		};
		30F6B469284AF1E0007C3440 /* Build configuration list for PBXNativeTarget "AVExperimentsTests" */ = {
			isa = XCConfigurationList;
			buildConfigurations = (
				30F6B46A284AF1E0007C3440 /* Debug */,
				30F6B46B284AF1E0007C3440 /* Release */,
			);
			defaultConfigurationIsVisible = 0;
			defaultConfigurationName = Release;
		};
		30F6B46C284AF1E0007C3440 /* Build configuration list for PBXNativeTarget "AVExperimentsUITests" */ = {
			isa = XCConfigurationList;
			buildConfigurations = (
				30F6B46D284AF1E0007C3440 /* Debug */,
				30F6B46E284AF1E0007C3440 /* Release */,
			);
			defaultConfigurationIsVisible = 0;
			defaultConfigurationName = Release;
		};
/* End XCConfigurationList section */

/* Begin XCRemoteSwiftPackageReference section */
		30F6B46F284AF576007C3440 /* XCRemoteSwiftPackageReference "swift-composable-architecture" */ = {
			isa = XCRemoteSwiftPackageReference;
			repositoryURL = "https://github.com/pointfreeco/swift-composable-architecture";
			requirement = {
				kind = upToNextMajorVersion;
				minimumVersion = 0.9.0;
			};
		};
/* End XCRemoteSwiftPackageReference section */

/* Begin XCSwiftPackageProductDependency section */
		30F6B470284AF576007C3440 /* ComposableArchitecture */ = {
			isa = XCSwiftPackageProductDependency;
			package = 30F6B46F284AF576007C3440 /* XCRemoteSwiftPackageReference "swift-composable-architecture" */;
			productName = ComposableArchitecture;
		};
/* End XCSwiftPackageProductDependency section */
	};
	rootObject = 30F6B43A284AF1DE007C3440 /* Project object */;
}
